
Microsoft Visual Studio Solution File, Format Version 12.00
# Visual Studio Version 16
VisualStudioVersion = 16.0.29709.97
MinimumVisualStudioVersion = 10.0.40219.1
Project("{FAE04EC0-301F-11D3-BF4B-00C04F79EFBC}") = "PasswordStrength", "PasswordStrength\PasswordStrength.csproj", "{9259C42A-430D-47A0-9B7F-ECC3A480064B}"
EndProject
Global
	GlobalSection(SolutionConfigurationPlatforms) = preSolution
		Debug|Any CPU = Debug|Any CPU
		Release|Any CPU = Release|Any CPU
	EndGlobalSection
	GlobalSection(ProjectConfigurationPlatforms) = postSolution
		{9259C42A-430D-47A0-9B7F-ECC3A480064B}.Debug|Any CPU.ActiveCfg = Debug|Any CPU
		{9259C42A-430D-47A0-9B7F-ECC3A480064B}.Debug|Any CPU.Build.0 = Debug|Any CPU
		{9259C42A-430D-47A0-9B7F-ECC3A480064B}.Release|Any CPU.ActiveCfg = Release|Any CPU
		{9259C42A-430D-47A0-9B7F-ECC3A480064B}.Release|Any CPU.Build.0 = Release|Any CPU
	EndGlobalSection
	GlobalSection(SolutionProperties) = preSolution
		HideSolutionNode = FALSE
	EndGlobalSection
	GlobalSection(ExtensibilityGlobals) = postSolution
		SolutionGuid = {B16E4A84-4E09-4452-8CC9-E2B0038788CC}
	EndGlobalSection
EndGlobal
